# THIS IS AN AUTOGENERATED FILE. DO NOT EDIT THIS FILE DIRECTLY.
# yarn lockfile v1


core-util-is@~1.0.0:
  version "1.0.2"
  resolved "https://zgwpt.jfrog.io/zgwpt/api/npm/moana-npm/core-util-is/-/core-util-is-1.0.2.tgz#b5fd54220aa2bc5ab57aab7140c940754503c1a7"
  integrity sha1-tf1UIgqivFq1eqtxQMlAdUUDwac=

escape-string-regexp@^1.0.3:
  version "1.0.5"
  resolved "https://zgwpt.jfrog.io/zgwpt/api/npm/moana-npm/escape-string-regexp/-/escape-string-regexp-1.0.5.tgz#1b61c0562190a8dff6ae3bb2cf0200ca130b86d4"
  integrity sha1-G2HAViGQqN/2rjuyzwIAyhMLhtQ=

inherits@~2.0.3:
  version "2.0.4"
  resolved "https://zgwpt.jfrog.io/zgwpt/api/npm/moana-npm/inherits/-/inherits-2.0.4.tgz#0fa2c64f932917c3433a0ded55363aae37416b7c"
  integrity sha1-D6LGT5MpF8NDOg3tVTY6rjdBa3w=

isarray@~1.0.0:
  version "1.0.0"
  resolved "https://zgwpt.jfrog.io/zgwpt/api/npm/moana-npm/isarray/-/isarray-1.0.0.tgz#bb935d48582cba168c06834957a54a3e07124f11"
  integrity sha1-u5NdSFgsuhaMBoNJV6VKPgcSTxE=

ncp@^2.0.0:
  version "2.0.0"
  resolved "https://zgwpt.jfrog.io/zgwpt/api/npm/moana-npm/ncp/-/ncp-2.0.0.tgz#195a21d6c46e361d2fb1281ba38b91e9df7bdbb3"
  integrity sha1-GVoh1sRuNh0vsSgbo4uR6d9727M=

object-assign@^4.0.1:
  version "4.1.1"
  resolved "https://zgwpt.jfrog.io/zgwpt/api/npm/moana-npm/object-assign/-/object-assign-4.1.1.tgz#2109adc7965887cfc05cbbd442cac8bfbb360863"
  integrity sha1-IQmtx5ZYh8/AXLvUQsrIv7s2CGM=

process-nextick-args@~2.0.0:
  version "2.0.1"
  resolved "https://zgwpt.jfrog.io/zgwpt/api/npm/moana-npm/process-nextick-args/-/process-nextick-args-2.0.1.tgz#7820d9b16120cc55ca9ae7792680ae7dba6d7fe2"
  integrity sha1-eCDZsWEgzFXKmud5JoCufbptf+I=

readable-stream@^2.0.2:
  version "2.3.6"
  resolved "https://zgwpt.jfrog.io/zgwpt/api/npm/moana-npm/readable-stream/-/readable-stream-2.3.6.tgz#b11c27d88b8ff1fbe070643cf94b0c79ae1b0aaf"
  integrity sha1-sRwn2IuP8fvgcGQ8+UsMea4bCq8=
  dependencies:
    core-util-is "~1.0.0"
    inherits "~2.0.3"
    isarray "~1.0.0"
    process-nextick-args "~2.0.0"
    safe-buffer "~5.1.1"
    string_decoder "~1.1.1"
    util-deprecate "~1.0.1"

readline-sync@^1.4.9:
  version "1.4.9"
  resolved "https://registry.yarnpkg.com/readline-sync/-/readline-sync-1.4.9.tgz#3eda8e65f23cd2a17e61301b1f0003396af5ecda"
  integrity sha1-PtqOZfI80qF+YTAbHwADOWr17No=

replacestream@^4.0.3:
  version "4.0.3"
  resolved "https://zgwpt.jfrog.io/zgwpt/api/npm/moana-npm/replacestream/-/replacestream-4.0.3.tgz#3ee5798092be364b1cdb1484308492cb3dff2f36"
  integrity sha1-PuV5gJK+Nksc2xSEMISSyz3/LzY=
  dependencies:
    escape-string-regexp "^1.0.3"
    object-assign "^4.0.1"
    readable-stream "^2.0.2"

safe-buffer@~5.1.0, safe-buffer@~5.1.1:
  version "5.1.2"
  resolved "https://zgwpt.jfrog.io/zgwpt/api/npm/moana-npm/safe-buffer/-/safe-buffer-5.1.2.tgz#991ec69d296e0313747d59bdfd2b745c35f8828d"
  integrity sha1-mR7GnSluAxN0fVm9/St0XDX4go0=

string_decoder@~1.1.1:
  version "1.1.1"
  resolved "https://zgwpt.jfrog.io/zgwpt/api/npm/moana-npm/string_decoder/-/string_decoder-1.1.1.tgz#9cf1611ba62685d7030ae9e4ba34149c3af03fc8"
  integrity sha1-nPFhG6YmhdcDCunkujQUnDrwP8g=
  dependencies:
    safe-buffer "~5.1.0"

util-deprecate@~1.0.1:
  version "1.0.2"
  resolved "https://zgwpt.jfrog.io/zgwpt/api/npm/moana-npm/util-deprecate/-/util-deprecate-1.0.2.tgz#450d4dc9fa70de732762fbd2d4a28981419a0ccf"
  integrity sha1-RQ1Nyfpw3nMnYvvS1KKJgUGaDM8=
